
Microsoft Visual Studio Solution File, Format Version 12.00
# Visual Studio Version 17
VisualStudioVersion = 17.8.34330.188
MinimumVisualStudioVersion = 10.0.40219.1
Project("{FAE04EC0-301F-11D3-BF4B-00C04F79EFBC}") = "SyntraxCore", ".\SyntraxCore\SyntraxCore.csproj", "{FA7D89AA-348C-4B93-8FF1-B5683963710E}"
EndProject
Project("{FAE04EC0-301F-11D3-BF4B-00C04F79EFBC}") = "SyntraxConsole", ".\SyntraxConsole\SyntraxConsole.csproj", "{0AC2AA34-7FDF-4BD2-BCB1-8EA3B0D2139D}"
EndProject
Global
	GlobalSection(SolutionConfigurationPlatforms) = preSolution
		Debug|Any CPU = Debug|Any CPU
		Release|Any CPU = Release|Any CPU
	EndGlobalSection
	GlobalSection(ProjectConfigurationPlatforms) = postSolution
		{FA7D89AA-348C-4B93-8FF1-B5683963710E}.Debug|Any CPU.ActiveCfg = Debug|Any CPU
		{FA7D89AA-348C-4B93-8FF1-B5683963710E}.Debug|Any CPU.Build.0 = Debug|Any CPU
		{FA7D89AA-348C-4B93-8FF1-B5683963710E}.Release|Any CPU.ActiveCfg = Release|Any CPU
		{FA7D89AA-348C-4B93-8FF1-B5683963710E}.Release|Any CPU.Build.0 = Release|Any CPU
		{0AC2AA34-7FDF-4BD2-BCB1-8EA3B0D2139D}.Debug|Any CPU.ActiveCfg = Debug|Any CPU
		{0AC2AA34-7FDF-4BD2-BCB1-8EA3B0D2139D}.Debug|Any CPU.Build.0 = Debug|Any CPU
		{0AC2AA34-7FDF-4BD2-BCB1-8EA3B0D2139D}.Release|Any CPU.ActiveCfg = Release|Any CPU
		{0AC2AA34-7FDF-4BD2-BCB1-8EA3B0D2139D}.Release|Any CPU.Build.0 = Release|Any CPU
	EndGlobalSection
	GlobalSection(SolutionProperties) = preSolution
		HideSolutionNode = FALSE
	EndGlobalSection
	GlobalSection(ExtensibilityGlobals) = postSolution
		SolutionGuid = {AC1EA32C-6BFC-47B0-8255-FB11EA6010B1}
	EndGlobalSection
EndGlobal
